
Microsoft Visual Studio Solution File, Format Version 12.00
# Visual Studio Version 16
VisualStudioVersion = 16.0.30907.101
MinimumVisualStudioVersion = 10.0.40219.1
Project("{FAE04EC0-301F-11D3-BF4B-00C04F79EFBC}") = "Dictator", "Dictator\Dictator.csproj", "{5FBCEA5D-E99E-4E58-A7F6-5264123039EF}"
EndProject
Project("{FAE04EC0-301F-11D3-BF4B-00C04F79EFBC}") = "Dictator_Tests", "Dictator_Tests\Dictator_Tests.csproj", "{4DFAAA4E-C811-488C-8B74-1FF0FFBD41F1}"
EndProject
Global
	GlobalSection(SolutionConfigurationPlatforms) = preSolution
		Debug|Any CPU = Debug|Any CPU
		Release|Any CPU = Release|Any CPU
	EndGlobalSection
	GlobalSection(ProjectConfigurationPlatforms) = postSolution
		{5FBCEA5D-E99E-4E58-A7F6-5264123039EF}.Debug|Any CPU.ActiveCfg = Debug|Any CPU
		{5FBCEA5D-E99E-4E58-A7F6-5264123039EF}.Debug|Any CPU.Build.0 = Debug|Any CPU
		{5FBCEA5D-E99E-4E58-A7F6-5264123039EF}.Release|Any CPU.ActiveCfg = Release|Any CPU
		{5FBCEA5D-E99E-4E58-A7F6-5264123039EF}.Release|Any CPU.Build.0 = Release|Any CPU
		{4DFAAA4E-C811-488C-8B74-1FF0FFBD41F1}.Debug|Any CPU.ActiveCfg = Debug|Any CPU
		{4DFAAA4E-C811-488C-8B74-1FF0FFBD41F1}.Debug|Any CPU.Build.0 = Debug|Any CPU
		{4DFAAA4E-C811-488C-8B74-1FF0FFBD41F1}.Release|Any CPU.ActiveCfg = Release|Any CPU
		{4DFAAA4E-C811-488C-8B74-1FF0FFBD41F1}.Release|Any CPU.Build.0 = Release|Any CPU
	EndGlobalSection
	GlobalSection(SolutionProperties) = preSolution
		HideSolutionNode = FALSE
	EndGlobalSection
	GlobalSection(ExtensibilityGlobals) = postSolution
		SolutionGuid = {97333B1D-EC9F-4876-9132-F02664900510}
	EndGlobalSection
EndGlobal
